
Microsoft Visual Studio Solution File, Format Version 12.00
# Visual Studio Version 17
VisualStudioVersion = 17.4.33205.214
MinimumVisualStudioVersion = 10.0.40219.1
Project("{8BC9CEB8-8B4A-11D0-8D11-00A0C91BC942}") = "Benchmark", "Benchmark.vcxproj", "{1B2BC37F-0E19-478B-80A2-4A29CBAAAEE5}"
EndProject
Project("{8BC9CEB8-8B4A-11D0-8D11-00A0C91BC942}") = "containers", "..\containers\containers.vcxproj", "{F02D7401-4F8C-4095-98B6-65A29131F2B8}"
EndProject
Project("{8BC9CEB8-8B4A-11D0-8D11-00A0C91BC942}") = "Threads", "..\Threads\Threads.vcxproj", "{616578AD-C62E-42CF-ADE3-7BDA592E5E8B}"
EndProject
Global
	GlobalSection(SolutionConfigurationPlatforms) = preSolution
		Debug|x64 = Debug|x64
		Debug|x86 = Debug|x86
		Release|x64 = Release|x64
		Release|x86 = Release|x86
	EndGlobalSection
	GlobalSection(ProjectConfigurationPlatforms) = postSolution
		{1B2BC37F-0E19-478B-80A2-4A29CBAAAEE5}.Debug|x64.ActiveCfg = Debug|x64
		{1B2BC37F-0E19-478B-80A2-4A29CBAAAEE5}.Debug|x64.Build.0 = Debug|x64
		{1B2BC37F-0E19-478B-80A2-4A29CBAAAEE5}.Debug|x86.ActiveCfg = Debug|Win32
		{1B2BC37F-0E19-478B-80A2-4A29CBAAAEE5}.Debug|x86.Build.0 = Debug|Win32
		{1B2BC37F-0E19-478B-80A2-4A29CBAAAEE5}.Release|x64.ActiveCfg = Release|x64
		{1B2BC37F-0E19-478B-80A2-4A29CBAAAEE5}.Release|x64.Build.0 = Release|x64
		{1B2BC37F-0E19-478B-80A2-4A29CBAAAEE5}.Release|x86.ActiveCfg = Release|Win32
		{1B2BC37F-0E19-478B-80A2-4A29CBAAAEE5}.Release|x86.Build.0 = Release|Win32
		{F02D7401-4F8C-4095-98B6-65A29131F2B8}.Debug|x64.ActiveCfg = Debug|x64
		{F02D7401-4F8C-4095-98B6-65A29131F2B8}.Debug|x64.Build.0 = Debug|x64
		{F02D7401-4F8C-4095-98B6-65A29131F2B8}.Debug|x86.ActiveCfg = Debug|Win32
		{F02D7401-4F8C-4095-98B6-65A29131F2B8}.Debug|x86.Build.0 = Debug|Win32
		{F02D7401-4F8C-4095-98B6-65A29131F2B8}.Release|x64.ActiveCfg = Release|x64
		{F02D7401-4F8C-4095-98B6-65A29131F2B8}.Release|x64.Build.0 = Release|x64
		{F02D7401-4F8C-4095-98B6-65A29131F2B8}.Release|x86.ActiveCfg = Release|Win32
		{F02D7401-4F8C-4095-98B6-65A29131F2B8}.Release|x86.Build.0 = Release|Win32
		{616578AD-C62E-42CF-ADE3-7BDA592E5E8B}.Debug|x64.ActiveCfg = Debug|x64
		{616578AD-C62E-42CF-ADE3-7BDA592E5E8B}.Debug|x64.Build.0 = Debug|x64
		{616578AD-C62E-42CF-ADE3-7BDA592E5E8B}.Debug|x86.ActiveCfg = Debug|Win32
		{616578AD-C62E-42CF-ADE3-7BDA592E5E8B}.Debug|x86.Build.0 = Debug|Win32
		{616578AD-C62E-42CF-ADE3-7BDA592E5E8B}.Release|x64.ActiveCfg = Release|x64
		{616578AD-C62E-42CF-ADE3-7BDA592E5E8B}.Release|x64.Build.0 = Release|x64
		{616578AD-C62E-42CF-ADE3-7BDA592E5E8B}.Release|x86.ActiveCfg = Release|Win32
		{616578AD-C62E-42CF-ADE3-7BDA592E5E8B}.Release|x86.Build.0 = Release|Win32
	EndGlobalSection
	GlobalSection(SolutionProperties) = preSolution
		HideSolutionNode = FALSE
	EndGlobalSection
	GlobalSection(ExtensibilityGlobals) = postSolution
		SolutionGuid = {F9091DE4-6748-44B8-824A-B43A9CECC820}
	EndGlobalSection
EndGlobal
